
Microsoft Visual Studio Solution File, Format Version 12.00
# Visual Studio Version 16
VisualStudioVersion = 16.0.31624.102
MinimumVisualStudioVersion = 10.0.40219.1
Project("{9A19103F-16F7-4668-BE54-9A1E7A4F7556}") = "Delegacje Służbowe", "Delegacje Służbowe\Delegacje Służbowe.csproj", "{C6427738-CFBE-4EFB-BB12-273399F86D89}"
EndProject
Project("{FAE04EC0-301F-11D3-BF4B-00C04F79EFBC}") = "DelegationUnitTest", "DelegationUnitTest\DelegationUnitTest.csproj", "{9171DFB4-5451-49CA-858E-6BFA3E155CB7}"
EndProject
Global
	GlobalSection(SolutionConfigurationPlatforms) = preSolution
		Debug|Any CPU = Debug|Any CPU
		Release|Any CPU = Release|Any CPU
	EndGlobalSection
	GlobalSection(ProjectConfigurationPlatforms) = postSolution
		{C6427738-CFBE-4EFB-BB12-273399F86D89}.Debug|Any CPU.ActiveCfg = Debug|Any CPU
		{C6427738-CFBE-4EFB-BB12-273399F86D89}.Debug|Any CPU.Build.0 = Debug|Any CPU
		{C6427738-CFBE-4EFB-BB12-273399F86D89}.Release|Any CPU.ActiveCfg = Release|Any CPU
		{C6427738-CFBE-4EFB-BB12-273399F86D89}.Release|Any CPU.Build.0 = Release|Any CPU
		{9171DFB4-5451-49CA-858E-6BFA3E155CB7}.Debug|Any CPU.ActiveCfg = Debug|Any CPU
		{9171DFB4-5451-49CA-858E-6BFA3E155CB7}.Debug|Any CPU.Build.0 = Debug|Any CPU
		{9171DFB4-5451-49CA-858E-6BFA3E155CB7}.Release|Any CPU.ActiveCfg = Release|Any CPU
		{9171DFB4-5451-49CA-858E-6BFA3E155CB7}.Release|Any CPU.Build.0 = Release|Any CPU
	EndGlobalSection
	GlobalSection(SolutionProperties) = preSolution
		HideSolutionNode = FALSE
	EndGlobalSection
	GlobalSection(ExtensibilityGlobals) = postSolution
		SolutionGuid = {2E587FA3-51E1-4E00-A138-EA9DE8A464D1}
	EndGlobalSection
EndGlobal
